
Microsoft Visual Studio Solution File, Format Version 12.00
# Visual Studio Version 17
VisualStudioVersion = 17.2.32630.192
MinimumVisualStudioVersion = 10.0.40219.1
Project("{9A19103F-16F7-4668-BE54-9A1E7A4F7556}") = "TaxiFarePrediction", "TaxiFarePrediction\TaxiFarePrediction.csproj", "{CAF510C8-86C4-4BF2-A755-AFB40AFE8176}"
EndProject
Project("{9A19103F-16F7-4668-BE54-9A1E7A4F7556}") = "IrisFlowerClustering", "IrisFlowerClustering\IrisFlowerClustering.csproj", "{7090C8AC-F82D-4560-9131-3592063BB9C2}"
EndProject
Project("{9A19103F-16F7-4668-BE54-9A1E7A4F7556}") = "MovieRecommender", "MovieRecommender\MovieRecommender.csproj", "{F1A2C073-FF8F-4488-94E4-0DDFC9844870}"
EndProject
Project("{9A19103F-16F7-4668-BE54-9A1E7A4F7556}") = "DeepLearning_ImageClassification_Binary", "DeepLearning_ImageClassification_Binary\DeepLearning_ImageClassification_Binary.csproj", "{C7D8DFE6-1BA4-4560-A8FF-F961B5655346}"
EndProject
Project("{FAE04EC0-301F-11D3-BF4B-00C04F79EFBC}") = "TransferLearningTF", "TransferLearningTF\TransferLearningTF.csproj", "{03AFF3EA-9923-4B28-AAF6-4212B4695FAF}"
EndProject
Global
	GlobalSection(SolutionConfigurationPlatforms) = preSolution
		Debug|Any CPU = Debug|Any CPU
		Release|Any CPU = Release|Any CPU
	EndGlobalSection
	GlobalSection(ProjectConfigurationPlatforms) = postSolution
		{CAF510C8-86C4-4BF2-A755-AFB40AFE8176}.Debug|Any CPU.ActiveCfg = Debug|Any CPU
		{CAF510C8-86C4-4BF2-A755-AFB40AFE8176}.Debug|Any CPU.Build.0 = Debug|Any CPU
		{CAF510C8-86C4-4BF2-A755-AFB40AFE8176}.Release|Any CPU.ActiveCfg = Release|Any CPU
		{CAF510C8-86C4-4BF2-A755-AFB40AFE8176}.Release|Any CPU.Build.0 = Release|Any CPU
		{7090C8AC-F82D-4560-9131-3592063BB9C2}.Debug|Any CPU.ActiveCfg = Debug|Any CPU
		{7090C8AC-F82D-4560-9131-3592063BB9C2}.Debug|Any CPU.Build.0 = Debug|Any CPU
		{7090C8AC-F82D-4560-9131-3592063BB9C2}.Release|Any CPU.ActiveCfg = Release|Any CPU
		{7090C8AC-F82D-4560-9131-3592063BB9C2}.Release|Any CPU.Build.0 = Release|Any CPU
		{F1A2C073-FF8F-4488-94E4-0DDFC9844870}.Debug|Any CPU.ActiveCfg = Debug|Any CPU
		{F1A2C073-FF8F-4488-94E4-0DDFC9844870}.Debug|Any CPU.Build.0 = Debug|Any CPU
		{F1A2C073-FF8F-4488-94E4-0DDFC9844870}.Release|Any CPU.ActiveCfg = Release|Any CPU
		{F1A2C073-FF8F-4488-94E4-0DDFC9844870}.Release|Any CPU.Build.0 = Release|Any CPU
		{C7D8DFE6-1BA4-4560-A8FF-F961B5655346}.Debug|Any CPU.ActiveCfg = Debug|Any CPU
		{C7D8DFE6-1BA4-4560-A8FF-F961B5655346}.Debug|Any CPU.Build.0 = Debug|Any CPU
		{C7D8DFE6-1BA4-4560-A8FF-F961B5655346}.Release|Any CPU.ActiveCfg = Release|Any CPU
		{C7D8DFE6-1BA4-4560-A8FF-F961B5655346}.Release|Any CPU.Build.0 = Release|Any CPU
		{03AFF3EA-9923-4B28-AAF6-4212B4695FAF}.Debug|Any CPU.ActiveCfg = Debug|Any CPU
		{03AFF3EA-9923-4B28-AAF6-4212B4695FAF}.Debug|Any CPU.Build.0 = Debug|Any CPU
		{03AFF3EA-9923-4B28-AAF6-4212B4695FAF}.Release|Any CPU.ActiveCfg = Release|Any CPU
		{03AFF3EA-9923-4B28-AAF6-4212B4695FAF}.Release|Any CPU.Build.0 = Release|Any CPU
	EndGlobalSection
	GlobalSection(SolutionProperties) = preSolution
		HideSolutionNode = FALSE
	EndGlobalSection
	GlobalSection(ExtensibilityGlobals) = postSolution
		SolutionGuid = {D65B0C4B-ABE5-4DCA-9930-3E51D23AA49A}
	EndGlobalSection
EndGlobal
